{
  "requires": true,
  "lockfileVersion": 1,
  "dependencies": {
    "material-design-icons-iconfont": {
      "version": "5.0.1",
      "resolved": "https://registry.npm.taobao.org/material-design-icons-iconfont/download/material-design-icons-iconfont-5.0.1.tgz",
      "integrity": "sha1-Nxh17X/pyMUgvHEjwyMf7qtzHDE="
    },
    "vue": {
      "version": "2.6.11",
      "resolved": "https://registry.npm.taobao.org/vue/download/vue-2.6.11.tgz",
      "integrity": "sha1-dllNh31LEiNEBuhONSdcbVFBJcU="
    },
    "vuetify": {
      "version": "2.2.33",
      "resolved": "https://registry.npm.taobao.org/vuetify/download/vuetify-2.2.33.tgz?cache=0&sync_timestamp=1591670350519&other_urls=https%3A%2F%2Fregistry.npm.taobao.org%2Fvuetify%2Fdownload%2Fvuetify-2.2.33.tgz",
      "integrity": "sha1-CUbOTEN7J4RrUA7F0ekiZ+MfvzU="
    }
  }
}
